// !$*UTF8*$!
{
	archiveVersion = 1;
	classes = {
	};
	objectVersion = 46;
	objects = {

/* Begin PBXBuildFile section */
		43CABA0F1E6943B20098A68B /* main.cpp in Sources */ = {isa = PBXBuildFile; fileRef = 43CABA0E1E6943B20098A68B /* main.cpp */; };
		43CABA171E6943C70098A68B /* Foundation.framework in Frameworks */ = {isa = PBXBuildFile; fileRef = 43CABA161E6943C70098A68B /* Foundation.framework */; };
		43CABA191E6943CF0098A68B /* OpenGL.framework in Frameworks */ = {isa = PBXBuildFile; fileRef = 43CABA181E6943CF0098A68B /* OpenGL.framework */; };
		43CABA1B1E6943D50098A68B /* GLUT.framework in Frameworks */ = {isa = PBXBuildFile; fileRef = 43CABA1A1E6943D50098A68B /* GLUT.framework */; };
		43CABA211E6943EF0098A68B /* LHead.cpp in Sources */ = {isa = PBXBuildFile; fileRef = 43CABA1E1E6943EF0098A68B /* LHead.cpp */; };
		F2BEFD6F1E894EC700953D12 /* triangleShader.cpp in Sources */ = {isa = PBXBuildFile; fileRef = F2BEFD6D1E894EC700953D12 /* triangleShader.cpp */; };
		F2BF31381E8561CC00867F3D /* firstGPUProgram.cpp in Sources */ = {isa = PBXBuildFile; fileRef = F2BF31361E8561CC00867F3D /* firstGPUProgram.cpp */; };
		F2BFC08F1E876BBE00AA41AD /* firstShaderTest.cpp in Sources */ = {isa = PBXBuildFile; fileRef = F2BFC08D1E876BBE00AA41AD /* firstShaderTest.cpp */; };
		F2C22A321E8670E0000495C2 /* firstShader.cpp in Sources */ = {isa = PBXBuildFile; fileRef = F2C22A301E8670E0000495C2 /* firstShader.cpp */; };
		F2C22A4B1E868453000495C2 /* libGLEW.2.0.0.dylib in Frameworks */ = {isa = PBXBuildFile; fileRef = F2C22A4A1E868453000495C2 /* libGLEW.2.0.0.dylib */; };
		F2C22A4D1E868457000495C2 /* libGLEW.a in Frameworks */ = {isa = PBXBuildFile; fileRef = F2C22A4C1E868457000495C2 /* libGLEW.a */; };
		F2C22A4F1E8689FC000495C2 /* libglfw3.a in Frameworks */ = {isa = PBXBuildFile; fileRef = F2C22A4E1E8689FC000495C2 /* libglfw3.a */; };
/* End PBXBuildFile section */

/* Begin PBXBuildRule section */
		F2BEFD621E89467000953D12 /* PBXBuildRule */ = {
			isa = PBXBuildRule;
			compilerSpec = com.apple.compilers.proxy.script;
			fileType = file.bplist;
			isEditable = 1;
			outputFiles = (
			);
			script = "# builtin-copyPlist\n";
		};
/* End PBXBuildRule section */

/* Begin PBXCopyFilesBuildPhase section */
		43CABA091E6943B20098A68B /* CopyFiles */ = {
			isa = PBXCopyFilesBuildPhase;
			buildActionMask = 2147483647;
			dstPath = /usr/share/man/man1/;
			dstSubfolderSpec = 0;
			files = (
			);
			runOnlyForDeploymentPostprocessing = 1;
		};
/* End PBXCopyFilesBuildPhase section */

/* Begin PBXFileReference section */
		43CABA0B1E6943B20098A68B /* ttttt */ = {isa = PBXFileReference; explicitFileType = "compiled.mach-o.executable"; includeInIndex = 0; path = ttttt; sourceTree = BUILT_PRODUCTS_DIR; };
		43CABA0E1E6943B20098A68B /* main.cpp */ = {isa = PBXFileReference; lastKnownFileType = sourcecode.cpp.cpp; path = main.cpp; sourceTree = "<group>"; };
		43CABA161E6943C70098A68B /* Foundation.framework */ = {isa = PBXFileReference; lastKnownFileType = wrapper.framework; name = Foundation.framework; path = System/Library/Frameworks/Foundation.framework; sourceTree = SDKROOT; };
		43CABA181E6943CF0098A68B /* OpenGL.framework */ = {isa = PBXFileReference; lastKnownFileType = wrapper.framework; name = OpenGL.framework; path = System/Library/Frameworks/OpenGL.framework; sourceTree = SDKROOT; };
		43CABA1A1E6943D50098A68B /* GLUT.framework */ = {isa = PBXFileReference; lastKnownFileType = wrapper.framework; name = GLUT.framework; path = System/Library/Frameworks/GLUT.framework; sourceTree = SDKROOT; };
		43CABA1E1E6943EF0098A68B /* LHead.cpp */ = {isa = PBXFileReference; fileEncoding = 4; lastKnownFileType = sourcecode.cpp.cpp; path = LHead.cpp; sourceTree = "<group>"; };
		43CABA1F1E6943EF0098A68B /* LHead.h */ = {isa = PBXFileReference; fileEncoding = 4; lastKnownFileType = sourcecode.c.h; path = LHead.h; sourceTree = "<group>"; };
		F2BEFD651E89499200953D12 /* firstFrameShader.txt */ = {isa = PBXFileReference; fileEncoding = 4; lastKnownFileType = text; path = firstFrameShader.txt; sourceTree = "<group>"; };
		F2BEFD661E89499200953D12 /* firstVertexShader.txt */ = {isa = PBXFileReference; fileEncoding = 4; lastKnownFileType = text; path = firstVertexShader.txt; sourceTree = "<group>"; };
		F2BEFD6D1E894EC700953D12 /* triangleShader.cpp */ = {isa = PBXFileReference; fileEncoding = 4; lastKnownFileType = sourcecode.cpp.cpp; path = triangleShader.cpp; sourceTree = "<group>"; };
		F2BEFD6E1E894EC700953D12 /* triangleShader.h */ = {isa = PBXFileReference; fileEncoding = 4; lastKnownFileType = sourcecode.c.h; path = triangleShader.h; sourceTree = "<group>"; };
		F2BF31361E8561CC00867F3D /* firstGPUProgram.cpp */ = {isa = PBXFileReference; fileEncoding = 4; lastKnownFileType = sourcecode.cpp.cpp; path = firstGPUProgram.cpp; sourceTree = "<group>"; };
		F2BF31371E8561CC00867F3D /* firstGPUProgram.h */ = {isa = PBXFileReference; fileEncoding = 4; lastKnownFileType = sourcecode.c.h; path = firstGPUProgram.h; sourceTree = "<group>"; };
		F2BF31391E856A3100867F3D /* Macro.h */ = {isa = PBXFileReference; fileEncoding = 4; lastKnownFileType = sourcecode.c.h; path = Macro.h; sourceTree = "<group>"; };
		F2BFC08D1E876BBE00AA41AD /* firstShaderTest.cpp */ = {isa = PBXFileReference; fileEncoding = 4; lastKnownFileType = sourcecode.cpp.cpp; path = firstShaderTest.cpp; sourceTree = "<group>"; };
		F2BFC08E1E876BBE00AA41AD /* firstShaderTest.h */ = {isa = PBXFileReference; fileEncoding = 4; lastKnownFileType = sourcecode.c.h; path = firstShaderTest.h; sourceTree = "<group>"; };
		F2C22A301E8670E0000495C2 /* firstShader.cpp */ = {isa = PBXFileReference; fileEncoding = 4; lastKnownFileType = sourcecode.cpp.cpp; path = firstShader.cpp; sourceTree = "<group>"; };
		F2C22A311E8670E0000495C2 /* firstShader.h */ = {isa = PBXFileReference; fileEncoding = 4; lastKnownFileType = sourcecode.c.h; path = firstShader.h; sourceTree = "<group>"; };
		F2C22A4A1E868453000495C2 /* libGLEW.2.0.0.dylib */ = {isa = PBXFileReference; lastKnownFileType = "compiled.mach-o.dylib"; name = libGLEW.2.0.0.dylib; path = ../../../../../usr/local/lib/libGLEW.2.0.0.dylib; sourceTree = "<group>"; };
		F2C22A4C1E868457000495C2 /* libGLEW.a */ = {isa = PBXFileReference; lastKnownFileType = archive.ar; name = libGLEW.a; path = ../../../../../usr/local/lib/libGLEW.a; sourceTree = "<group>"; };
		F2C22A4E1E8689FC000495C2 /* libglfw3.a */ = {isa = PBXFileReference; lastKnownFileType = archive.ar; name = libglfw3.a; path = ../../../../../usr/local/lib/libglfw3.a; sourceTree = "<group>"; };
/* End PBXFileReference section */

/* Begin PBXFrameworksBuildPhase section */
		43CABA081E6943B20098A68B /* Frameworks */ = {
			isa = PBXFrameworksBuildPhase;
			buildActionMask = 2147483647;
			files = (
				43CABA1B1E6943D50098A68B /* GLUT.framework in Frameworks */,
				43CABA191E6943CF0098A68B /* OpenGL.framework in Frameworks */,
				43CABA171E6943C70098A68B /* Foundation.framework in Frameworks */,
				F2C22A4B1E868453000495C2 /* libGLEW.2.0.0.dylib in Frameworks */,
				F2C22A4D1E868457000495C2 /* libGLEW.a in Frameworks */,
				F2C22A4F1E8689FC000495C2 /* libglfw3.a in Frameworks */,
			);
			runOnlyForDeploymentPostprocessing = 0;
		};
/* End PBXFrameworksBuildPhase section */

/* Begin PBXGroup section */
		43CABA021E6943B20098A68B = {
			isa = PBXGroup;
			children = (
				43CABA0D1E6943B20098A68B /* ttttt */,
				43CABA0C1E6943B20098A68B /* Products */,
				43CABA151E6943C70098A68B /* Frameworks */,
				F2BEFD631E89499200953D12 /* Resources */,
			);
			sourceTree = "<group>";
		};
		43CABA0C1E6943B20098A68B /* Products */ = {
			isa = PBXGroup;
			children = (
				43CABA0B1E6943B20098A68B /* ttttt */,
			);
			name = Products;
			sourceTree = "<group>";
		};
		43CABA0D1E6943B20098A68B /* ttttt */ = {
			isa = PBXGroup;
			children = (
				F2BEFD6C1E894EC700953D12 /* triangleShader */,
				F2BFC08C1E876BBE00AA41AD /* firstShaderTest */,
				F2C22A2F1E8670CC000495C2 /* firstShader */,
				F2BF31351E8561CC00867F3D /* firstGPUProgram */,
				43CABA0E1E6943B20098A68B /* main.cpp */,
				F2BF31391E856A3100867F3D /* Macro.h */,
				43CABA1E1E6943EF0098A68B /* LHead.cpp */,
				43CABA1F1E6943EF0098A68B /* LHead.h */,
			);
			path = ttttt;
			sourceTree = "<group>";
		};
		43CABA151E6943C70098A68B /* Frameworks */ = {
			isa = PBXGroup;
			children = (
				F2C22A4E1E8689FC000495C2 /* libglfw3.a */,
				F2C22A4C1E868457000495C2 /* libGLEW.a */,
				F2C22A4A1E868453000495C2 /* libGLEW.2.0.0.dylib */,
				43CABA1A1E6943D50098A68B /* GLUT.framework */,
				43CABA181E6943CF0098A68B /* OpenGL.framework */,
				43CABA161E6943C70098A68B /* Foundation.framework */,
			);
			name = Frameworks;
			sourceTree = "<group>";
		};
		F2BEFD631E89499200953D12 /* Resources */ = {
			isa = PBXGroup;
			children = (
				F2BEFD641E89499200953D12 /* Shader */,
			);
			path = Resources;
			sourceTree = "<group>";
		};
		F2BEFD641E89499200953D12 /* Shader */ = {
			isa = PBXGroup;
			children = (
				F2BEFD651E89499200953D12 /* firstFrameShader.txt */,
				F2BEFD661E89499200953D12 /* firstVertexShader.txt */,
			);
			path = Shader;
			sourceTree = "<group>";
		};
		F2BEFD6C1E894EC700953D12 /* triangleShader */ = {
			isa = PBXGroup;
			children = (
				F2BEFD6D1E894EC700953D12 /* triangleShader.cpp */,
				F2BEFD6E1E894EC700953D12 /* triangleShader.h */,
			);
			path = triangleShader;
			sourceTree = "<group>";
		};
		F2BF31351E8561CC00867F3D /* firstGPUProgram */ = {
			isa = PBXGroup;
			children = (
				F2BF31361E8561CC00867F3D /* firstGPUProgram.cpp */,
				F2BF31371E8561CC00867F3D /* firstGPUProgram.h */,
			);
			path = firstGPUProgram;
			sourceTree = "<group>";
		};
		F2BFC08C1E876BBE00AA41AD /* firstShaderTest */ = {
			isa = PBXGroup;
			children = (
				F2BFC08D1E876BBE00AA41AD /* firstShaderTest.cpp */,
				F2BFC08E1E876BBE00AA41AD /* firstShaderTest.h */,
			);
			path = firstShaderTest;
			sourceTree = "<group>";
		};
		F2C22A2F1E8670CC000495C2 /* firstShader */ = {
			isa = PBXGroup;
			children = (
				F2C22A301E8670E0000495C2 /* firstShader.cpp */,
				F2C22A311E8670E0000495C2 /* firstShader.h */,
			);
			path = firstShader;
			sourceTree = "<group>";
		};
/* End PBXGroup section */

/* Begin PBXNativeTarget section */
		43CABA0A1E6943B20098A68B /* ttttt */ = {
			isa = PBXNativeTarget;
			buildConfigurationList = 43CABA121E6943B20098A68B /* Build configuration list for PBXNativeTarget "ttttt" */;
			buildPhases = (
				43CABA071E6943B20098A68B /* Sources */,
				43CABA081E6943B20098A68B /* Frameworks */,
				43CABA091E6943B20098A68B /* CopyFiles */,
			);
			buildRules = (
				F2BEFD621E89467000953D12 /* PBXBuildRule */,
			);
			dependencies = (
			);
			name = ttttt;
			productName = ttttt;
			productReference = 43CABA0B1E6943B20098A68B /* ttttt */;
			productType = "com.apple.product-type.tool";
		};
/* End PBXNativeTarget section */

/* Begin PBXProject section */
		43CABA031E6943B20098A68B /* Project object */ = {
			isa = PBXProject;
			attributes = {
				LastUpgradeCheck = 0820;
				ORGANIZATIONNAME = jepsonCheng;
				TargetAttributes = {
					43CABA0A1E6943B20098A68B = {
						CreatedOnToolsVersion = 8.2;
						ProvisioningStyle = Automatic;
					};
				};
			};
			buildConfigurationList = 43CABA061E6943B20098A68B /* Build configuration list for PBXProject "ttttt" */;
			compatibilityVersion = "Xcode 3.2";
			developmentRegion = English;
			hasScannedForEncodings = 0;
			knownRegions = (
				en,
			);
			mainGroup = 43CABA021E6943B20098A68B;
			productRefGroup = 43CABA0C1E6943B20098A68B /* Products */;
			projectDirPath = "";
			projectRoot = "";
			targets = (
				43CABA0A1E6943B20098A68B /* ttttt */,
			);
		};
/* End PBXProject section */

/* Begin PBXSourcesBuildPhase section */
		43CABA071E6943B20098A68B /* Sources */ = {
			isa = PBXSourcesBuildPhase;
			buildActionMask = 2147483647;
			files = (
				43CABA211E6943EF0098A68B /* LHead.cpp in Sources */,
				43CABA0F1E6943B20098A68B /* main.cpp in Sources */,
				F2BFC08F1E876BBE00AA41AD /* firstShaderTest.cpp in Sources */,
				F2BF31381E8561CC00867F3D /* firstGPUProgram.cpp in Sources */,
				F2BEFD6F1E894EC700953D12 /* triangleShader.cpp in Sources */,
				F2C22A321E8670E0000495C2 /* firstShader.cpp in Sources */,
			);
			runOnlyForDeploymentPostprocessing = 0;
		};
/* End PBXSourcesBuildPhase section */

/* Begin XCBuildConfiguration section */
		43CABA101E6943B20098A68B /* Debug */ = {
			isa = XCBuildConfiguration;
			buildSettings = {
				ALWAYS_SEARCH_USER_PATHS = NO;
				CLANG_ANALYZER_NONNULL = YES;
				CLANG_CXX_LANGUAGE_STANDARD = "gnu++0x";
				CLANG_CXX_LIBRARY = "libc++";
				CLANG_ENABLE_MODULES = YES;
				CLANG_ENABLE_OBJC_ARC = YES;
				CLANG_WARN_BOOL_CONVERSION = YES;
				CLANG_WARN_CONSTANT_CONVERSION = YES;
				CLANG_WARN_DIRECT_OBJC_ISA_USAGE = YES_ERROR;
				CLANG_WARN_DOCUMENTATION_COMMENTS = YES;
				CLANG_WARN_EMPTY_BODY = YES;
				CLANG_WARN_ENUM_CONVERSION = YES;
				CLANG_WARN_INFINITE_RECURSION = YES;
				CLANG_WARN_INT_CONVERSION = YES;
				CLANG_WARN_OBJC_ROOT_CLASS = YES_ERROR;
				CLANG_WARN_SUSPICIOUS_MOVE = YES;
				CLANG_WARN_UNREACHABLE_CODE = YES;
				CLANG_WARN__DUPLICATE_METHOD_MATCH = YES;
				CODE_SIGN_IDENTITY = "-";
				COPY_PHASE_STRIP = NO;
				DEBUG_INFORMATION_FORMAT = dwarf;
				ENABLE_STRICT_OBJC_MSGSEND = YES;
				ENABLE_TESTABILITY = YES;
				GCC_C_LANGUAGE_STANDARD = gnu99;
				GCC_DYNAMIC_NO_PIC = NO;
				GCC_NO_COMMON_BLOCKS = YES;
				GCC_OPTIMIZATION_LEVEL = 0;
				GCC_PREPROCESSOR_DEFINITIONS = (
					"DEBUG=1",
					"$(inherited)",
				);
				GCC_WARN_64_TO_32_BIT_CONVERSION = YES;
				GCC_WARN_ABOUT_RETURN_TYPE = YES_ERROR;
				GCC_WARN_UNDECLARED_SELECTOR = YES;
				GCC_WARN_UNINITIALIZED_AUTOS = YES_AGGRESSIVE;
				GCC_WARN_UNUSED_FUNCTION = YES;
				GCC_WARN_UNUSED_VARIABLE = YES;
				MACOSX_DEPLOYMENT_TARGET = 10.11;
				MTL_ENABLE_DEBUG_INFO = YES;
				ONLY_ACTIVE_ARCH = YES;
				SDKROOT = macosx;
			};
			name = Debug;
		};
		43CABA111E6943B20098A68B /* Release */ = {
			isa = XCBuildConfiguration;
			buildSettings = {
				ALWAYS_SEARCH_USER_PATHS = NO;
				CLANG_ANALYZER_NONNULL = YES;
				CLANG_CXX_LANGUAGE_STANDARD = "gnu++0x";
				CLANG_CXX_LIBRARY = "libc++";
				CLANG_ENABLE_MODULES = YES;
				CLANG_ENABLE_OBJC_ARC = YES;
				CLANG_WARN_BOOL_CONVERSION = YES;
				CLANG_WARN_CONSTANT_CONVERSION = YES;
				CLANG_WARN_DIRECT_OBJC_ISA_USAGE = YES_ERROR;
				CLANG_WARN_DOCUMENTATION_COMMENTS = YES;
				CLANG_WARN_EMPTY_BODY = YES;
				CLANG_WARN_ENUM_CONVERSION = YES;
				CLANG_WARN_INFINITE_RECURSION = YES;
				CLANG_WARN_INT_CONVERSION = YES;
				CLANG_WARN_OBJC_ROOT_CLASS = YES_ERROR;
				CLANG_WARN_SUSPICIOUS_MOVE = YES;
				CLANG_WARN_UNREACHABLE_CODE = YES;
				CLANG_WARN__DUPLICATE_METHOD_MATCH = YES;
				CODE_SIGN_IDENTITY = "-";
				COPY_PHASE_STRIP = NO;
				DEBUG_INFORMATION_FORMAT = "dwarf-with-dsym";
				ENABLE_NS_ASSERTIONS = NO;
				ENABLE_STRICT_OBJC_MSGSEND = YES;
				GCC_C_LANGUAGE_STANDARD = gnu99;
				GCC_NO_COMMON_BLOCKS = YES;
				GCC_WARN_64_TO_32_BIT_CONVERSION = YES;
				GCC_WARN_ABOUT_RETURN_TYPE = YES_ERROR;
				GCC_WARN_UNDECLARED_SELECTOR = YES;
				GCC_WARN_UNINITIALIZED_AUTOS = YES_AGGRESSIVE;
				GCC_WARN_UNUSED_FUNCTION = YES;
				GCC_WARN_UNUSED_VARIABLE = YES;
				MACOSX_DEPLOYMENT_TARGET = 10.11;
				MTL_ENABLE_DEBUG_INFO = NO;
				SDKROOT = macosx;
			};
			name = Release;
		};
		43CABA131E6943B20098A68B /* Debug */ = {
			isa = XCBuildConfiguration;
			buildSettings = {
				ALWAYS_SEARCH_USER_PATHS = YES;
				HEADER_SEARCH_PATHS = (
					"$(inherited)",
					/Applications/Xcode.app/Contents/Developer/Toolchains/XcodeDefault.xctoolchain/usr/include,
					/usr/local/include,
				);
				LIBRARY_SEARCH_PATHS = /usr/local/lib;
				MACOSX_DEPLOYMENT_TARGET = 10.9;
				PRODUCT_NAME = "$(TARGET_NAME)";
			};
			name = Debug;
		};
		43CABA141E6943B20098A68B /* Release */ = {
			isa = XCBuildConfiguration;
			buildSettings = {
				ALWAYS_SEARCH_USER_PATHS = YES;
				HEADER_SEARCH_PATHS = (
					"$(inherited)",
					/Applications/Xcode.app/Contents/Developer/Toolchains/XcodeDefault.xctoolchain/usr/include,
					/usr/local/include,
				);
				LIBRARY_SEARCH_PATHS = /usr/local/lib;
				MACOSX_DEPLOYMENT_TARGET = 10.9;
				PRODUCT_NAME = "$(TARGET_NAME)";
			};
			name = Release;
		};
/* End XCBuildConfiguration section */

/* Begin XCConfigurationList section */
		43CABA061E6943B20098A68B /* Build configuration list for PBXProject "ttttt" */ = {
			isa = XCConfigurationList;
			buildConfigurations = (
				43CABA101E6943B20098A68B /* Debug */,
				43CABA111E6943B20098A68B /* Release */,
			);
			defaultConfigurationIsVisible = 0;
			defaultConfigurationName = Release;
		};
		43CABA121E6943B20098A68B /* Build configuration list for PBXNativeTarget "ttttt" */ = {
			isa = XCConfigurationList;
			buildConfigurations = (
				43CABA131E6943B20098A68B /* Debug */,
				43CABA141E6943B20098A68B /* Release */,
			);
			defaultConfigurationIsVisible = 0;
			defaultConfigurationName = Release;
		};
/* End XCConfigurationList section */
	};
	rootObject = 43CABA031E6943B20098A68B /* Project object */;
}
